// !$*UTF8*$!
{
	archiveVersion = 1;
	classes = {
	};
	objectVersion = 56;
	objects = {

/* Begin PBXBuildFile section */
		DC10EEE729F474D700168736 /* Nuke in Frameworks */ = {isa = PBXBuildFile; productRef = DC10EEE629F474D700168736 /* Nuke */; };
		DC10EEE929F474D700168736 /* NukeExtensions in Frameworks */ = {isa = PBXBuildFile; productRef = DC10EEE829F474D700168736 /* NukeExtensions */; };
		DC10EEEB29F474D700168736 /* NukeUI in Frameworks */ = {isa = PBXBuildFile; productRef = DC10EEEA29F474D700168736 /* NukeUI */; };
		DC10EEED29F474D700168736 /* NukeVideo in Frameworks */ = {isa = PBXBuildFile; productRef = DC10EEEC29F474D700168736 /* NukeVideo */; };
		DC10EEEF29F47EC400168736 /* CardThumbnailImage.swift in Sources */ = {isa = PBXBuildFile; fileRef = DC10EEEE29F47EC400168736 /* CardThumbnailImage.swift */; };
		DC10EEF129F4814A00168736 /* Padlock.swift in Sources */ = {isa = PBXBuildFile; fileRef = DC10EEF029F4814A00168736 /* Padlock.swift */; };
		DC10EEF329F4842C00168736 /* MenuThumbnailImage.swift in Sources */ = {isa = PBXBuildFile; fileRef = DC10EEF229F4842C00168736 /* MenuThumbnailImage.swift */; };
		DC10EEF529F485D700168736 /* CardLargeImage.swift in Sources */ = {isa = PBXBuildFile; fileRef = DC10EEF429F485D700168736 /* CardLargeImage.swift */; };
		DC10EEFC29F4962A00168736 /* SwiftCSV in Frameworks */ = {isa = PBXBuildFile; productRef = DC10EEFB29F4962A00168736 /* SwiftCSV */; };
		DC10EEFE29F4966000168736 /* PokemonNameset.swift in Sources */ = {isa = PBXBuildFile; fileRef = DC10EEFD29F4966000168736 /* PokemonNameset.swift */; };
		DC10EEFF29F49D4B00168736 /* pokemon_names.csv in Resources */ = {isa = PBXBuildFile; fileRef = DC10EEF829F4956400168736 /* pokemon_names.csv */; };
		DC10EF0029F49D4B00168736 /* pokemon_names.csv in Resources */ = {isa = PBXBuildFile; fileRef = DC10EEF829F4956400168736 /* pokemon_names.csv */; };
		DC10EF0129F49D4C00168736 /* pokemon_names.csv in Resources */ = {isa = PBXBuildFile; fileRef = DC10EEF829F4956400168736 /* pokemon_names.csv */; };
		DC10EF0329F5924A00168736 /* DateHandler.swift in Sources */ = {isa = PBXBuildFile; fileRef = DC10EF0229F5924A00168736 /* DateHandler.swift */; };
		DC10EF0529F59AB900168736 /* SetButtonView.swift in Sources */ = {isa = PBXBuildFile; fileRef = DC10EF0429F59AB900168736 /* SetButtonView.swift */; };
		DC660CCA29BD098600610965 /* PokeCardpediaApp.swift in Sources */ = {isa = PBXBuildFile; fileRef = DC660CC929BD098600610965 /* PokeCardpediaApp.swift */; };
		DC660CCC29BD098600610965 /* MainView.swift in Sources */ = {isa = PBXBuildFile; fileRef = DC660CCB29BD098600610965 /* MainView.swift */; };
		DC660CCE29BD098700610965 /* Assets.xcassets in Resources */ = {isa = PBXBuildFile; fileRef = DC660CCD29BD098700610965 /* Assets.xcassets */; };
		DC660CD129BD098700610965 /* Preview Assets.xcassets in Resources */ = {isa = PBXBuildFile; fileRef = DC660CD029BD098700610965 /* Preview Assets.xcassets */; };
		DC660CD329BD098700610965 /* Persistence.swift in Sources */ = {isa = PBXBuildFile; fileRef = DC660CD229BD098700610965 /* Persistence.swift */; };
		DC660CD629BD098700610965 /* PokeCardpedia.xcdatamodeld in Sources */ = {isa = PBXBuildFile; fileRef = DC660CD429BD098700610965 /* PokeCardpedia.xcdatamodeld */; };
		DC660CE029BD098700610965 /* PokeCardpediaTests.swift in Sources */ = {isa = PBXBuildFile; fileRef = DC660CDF29BD098700610965 /* PokeCardpediaTests.swift */; };
		DC660CEA29BD098700610965 /* PokeCardpediaUITests.swift in Sources */ = {isa = PBXBuildFile; fileRef = DC660CE929BD098700610965 /* PokeCardpediaUITests.swift */; };
		DC660CEC29BD098700610965 /* PokeCardpediaUITestsLaunchTests.swift in Sources */ = {isa = PBXBuildFile; fileRef = DC660CEB29BD098700610965 /* PokeCardpediaUITestsLaunchTests.swift */; };
		DC660D3929BEC5F000610965 /* Card.swift in Sources */ = {isa = PBXBuildFile; fileRef = DC660D3829BEC5F000610965 /* Card.swift */; };
		DC660D3B29BEC7A300610965 /* EnergyCardData.swift in Sources */ = {isa = PBXBuildFile; fileRef = DC660D3A29BEC7A300610965 /* EnergyCardData.swift */; };
		DC660D3D29BEC8C500610965 /* TrainerCardData.swift in Sources */ = {isa = PBXBuildFile; fileRef = DC660D3C29BEC8C500610965 /* TrainerCardData.swift */; };
		DC660D3F29BEC8E200610965 /* PokemonCardData.swift in Sources */ = {isa = PBXBuildFile; fileRef = DC660D3E29BEC8E200610965 /* PokemonCardData.swift */; };
		DC660D4B29BFF1E000610965 /* PokemonTcgSDK in Frameworks */ = {isa = PBXBuildFile; productRef = DC660D4A29BFF1E000610965 /* PokemonTcgSDK */; };
		DC660D4D29BFF23900610965 /* ApiClient.swift in Sources */ = {isa = PBXBuildFile; fileRef = DC660D4C29BFF23900610965 /* ApiClient.swift */; };
		DC660D5029BFFAD100610965 /* CardParse.swift in Sources */ = {isa = PBXBuildFile; fileRef = DC660D4F29BFFAD100610965 /* CardParse.swift */; };
		DC660D5429C2BC5500610965 /* Core.swift in Sources */ = {isa = PBXBuildFile; fileRef = DC660D5329C2BC5500610965 /* Core.swift */; };
		DC660D5629C3EF9900610965 /* CardDetailView.swift in Sources */ = {isa = PBXBuildFile; fileRef = DC660D5529C3EF9900610965 /* CardDetailView.swift */; };
		DC679B3229E3182600668E0D /* Settings.bundle in Resources */ = {isa = PBXBuildFile; fileRef = DC679B3129E3182600668E0D /* Settings.bundle */; };
		DC679B3729E4C34C00668E0D /* CardThumbnail.swift in Sources */ = {isa = PBXBuildFile; fileRef = DC679B3629E4C34C00668E0D /* CardThumbnail.swift */; };
		DC679B3929E4C5A300668E0D /* TopLevelItems.swift in Sources */ = {isa = PBXBuildFile; fileRef = DC679B3829E4C5A300668E0D /* TopLevelItems.swift */; };
		DC679B3B29E4C95E00668E0D /* Sprites.swift in Sources */ = {isa = PBXBuildFile; fileRef = DC679B3A29E4C95E00668E0D /* Sprites.swift */; };
		DC679B3E29E4E43600668E0D /* NavigationStack in Frameworks */ = {isa = PBXBuildFile; productRef = DC679B3D29E4E43600668E0D /* NavigationStack */; };
		DC679B4229E8CC1200668E0D /* CollectionLockView.swift in Sources */ = {isa = PBXBuildFile; fileRef = DC679B4129E8CC1200668E0D /* CollectionLockView.swift */; };
		DC679B4429E8D03700668E0D /* UsernameView.swift in Sources */ = {isa = PBXBuildFile; fileRef = DC679B4329E8D03700668E0D /* UsernameView.swift */; };
		DC679B4929E8D3D500668E0D /* CollectionMenuItemView.swift in Sources */ = {isa = PBXBuildFile; fileRef = DC679B4829E8D3D500668E0D /* CollectionMenuItemView.swift */; };
		DC679B4B29E8D4B900668E0D /* CoreSettings.swift in Sources */ = {isa = PBXBuildFile; fileRef = DC679B4A29E8D4B900668E0D /* CoreSettings.swift */; };
		DC679B4D29E8D6E900668E0D /* SetMenuItemView.swift in Sources */ = {isa = PBXBuildFile; fileRef = DC679B4C29E8D6E900668E0D /* SetMenuItemView.swift */; };
		DC679B4F29E8D77A00668E0D /* CollectionSubMenuView.swift in Sources */ = {isa = PBXBuildFile; fileRef = DC679B4E29E8D77A00668E0D /* CollectionSubMenuView.swift */; };
		DC679B5129E8D82100668E0D /* BackButtonView.swift in Sources */ = {isa = PBXBuildFile; fileRef = DC679B5029E8D82100668E0D /* BackButtonView.swift */; };
		DC8AD4842A217B9C00DEDA60 /* CardIO.swift in Sources */ = {isa = PBXBuildFile; fileRef = DC8AD4832A217B9C00DEDA60 /* CardIO.swift */; };
		DCA0E35129E1E22200E54F9B /* SwiftUIPager in Frameworks */ = {isa = PBXBuildFile; productRef = DCA0E35029E1E22200E54F9B /* SwiftUIPager */; };
		DCA0E35329E1E2D400E54F9B /* PagerView.swift in Sources */ = {isa = PBXBuildFile; fileRef = DCA0E35229E1E2D400E54F9B /* PagerView.swift */; };
		DCA5B7532A10897A00C740CB /* CollectionTracker+CoreDataClass.swift in Sources */ = {isa = PBXBuildFile; fileRef = DCA5B7512A10897A00C740CB /* CollectionTracker+CoreDataClass.swift */; };
		DCA5B7542A10897A00C740CB /* CollectionTracker+CoreDataProperties.swift in Sources */ = {isa = PBXBuildFile; fileRef = DCA5B7522A10897A00C740CB /* CollectionTracker+CoreDataProperties.swift */; };
		DCBC27592A3642D500E013E4 /* ActiveUser+CoreDataClass.swift in Sources */ = {isa = PBXBuildFile; fileRef = DCBC27572A3642D500E013E4 /* ActiveUser+CoreDataClass.swift */; };
		DCBC275A2A3642D500E013E4 /* ActiveUser+CoreDataProperties.swift in Sources */ = {isa = PBXBuildFile; fileRef = DCBC27582A3642D500E013E4 /* ActiveUser+CoreDataProperties.swift */; };
		DCD6E03029F9D195000904DF /* Element.swift in Sources */ = {isa = PBXBuildFile; fileRef = DCD6E02F29F9D195000904DF /* Element.swift */; };
		DCD6E03229F9D7AA000904DF /* TrainerSubtype.swift in Sources */ = {isa = PBXBuildFile; fileRef = DCD6E03129F9D7AA000904DF /* TrainerSubtype.swift */; };
		DCD6E03429F9E056000904DF /* SetIconImage.swift in Sources */ = {isa = PBXBuildFile; fileRef = DCD6E03329F9E056000904DF /* SetIconImage.swift */; };
		DCD6E03629F9E1A1000904DF /* RarityImage.swift in Sources */ = {isa = PBXBuildFile; fileRef = DCD6E03529F9E1A1000904DF /* RarityImage.swift */; };
		DCD6E03829FAA69A000904DF /* Deck.swift in Sources */ = {isa = PBXBuildFile; fileRef = DCD6E03729FAA69A000904DF /* Deck.swift */; };
		DCD6E03B29FDF3ED000904DF /* DeckMenuItemView.swift in Sources */ = {isa = PBXBuildFile; fileRef = DCD6E03A29FDF3ED000904DF /* DeckMenuItemView.swift */; };
		DCD6E03D29FDF4EB000904DF /* DeckButtonView.swift in Sources */ = {isa = PBXBuildFile; fileRef = DCD6E03C29FDF4EB000904DF /* DeckButtonView.swift */; };
		DCD6E04529FDF81C000904DF /* TopLevelListView.swift in Sources */ = {isa = PBXBuildFile; fileRef = DCD6E04429FDF81C000904DF /* TopLevelListView.swift */; };
		DCD6E04929FDF8B8000904DF /* DeckSubMenuView.swift in Sources */ = {isa = PBXBuildFile; fileRef = DCD6E04829FDF8B8000904DF /* DeckSubMenuView.swift */; };
		DCD6E04C29FDF914000904DF /* DexSubMenuView.swift in Sources */ = {isa = PBXBuildFile; fileRef = DCD6E04B29FDF914000904DF /* DexSubMenuView.swift */; };
		DCD6E04F29FDF94C000904DF /* SetSubMenuView.swift in Sources */ = {isa = PBXBuildFile; fileRef = DCD6E04E29FDF94C000904DF /* SetSubMenuView.swift */; };
		DCF4D8AB2A34DADC0092CCF3 /* GeneralCardData+CoreDataClass.swift in Sources */ = {isa = PBXBuildFile; fileRef = DCF4D8A92A34DADC0092CCF3 /* GeneralCardData+CoreDataClass.swift */; };
		DCF4D8AC2A34DADC0092CCF3 /* GeneralCardData+CoreDataProperties.swift in Sources */ = {isa = PBXBuildFile; fileRef = DCF4D8AA2A34DADC0092CCF3 /* GeneralCardData+CoreDataProperties.swift */; };
		DCF4D8AF2A36161B0092CCF3 /* UserInfo+CoreDataClass.swift in Sources */ = {isa = PBXBuildFile; fileRef = DCF4D8AD2A36161B0092CCF3 /* UserInfo+CoreDataClass.swift */; };
		DCF4D8B02A36161B0092CCF3 /* UserInfo+CoreDataProperties.swift in Sources */ = {isa = PBXBuildFile; fileRef = DCF4D8AE2A36161B0092CCF3 /* UserInfo+CoreDataProperties.swift */; };
/* End PBXBuildFile section */

/* Begin PBXContainerItemProxy section */
		DC660CDC29BD098700610965 /* PBXContainerItemProxy */ = {
			isa = PBXContainerItemProxy;
			containerPortal = DC660CBE29BD098600610965 /* Project object */;
			proxyType = 1;
			remoteGlobalIDString = DC660CC529BD098600610965;
			remoteInfo = PokeCardpedia;
		};
		DC660CE629BD098700610965 /* PBXContainerItemProxy */ = {
			isa = PBXContainerItemProxy;
			containerPortal = DC660CBE29BD098600610965 /* Project object */;
			proxyType = 1;
			remoteGlobalIDString = DC660CC529BD098600610965;
			remoteInfo = PokeCardpedia;
		};
/* End PBXContainerItemProxy section */

/* Begin PBXFileReference section */
		DC10EEEE29F47EC400168736 /* CardThumbnailImage.swift */ = {isa = PBXFileReference; lastKnownFileType = sourcecode.swift; path = CardThumbnailImage.swift; sourceTree = "<group>"; };
		DC10EEF029F4814A00168736 /* Padlock.swift */ = {isa = PBXFileReference; lastKnownFileType = sourcecode.swift; path = Padlock.swift; sourceTree = "<group>"; };
		DC10EEF229F4842C00168736 /* MenuThumbnailImage.swift */ = {isa = PBXFileReference; lastKnownFileType = sourcecode.swift; path = MenuThumbnailImage.swift; sourceTree = "<group>"; };
		DC10EEF429F485D700168736 /* CardLargeImage.swift */ = {isa = PBXFileReference; lastKnownFileType = sourcecode.swift; path = CardLargeImage.swift; sourceTree = "<group>"; };
		DC10EEF829F4956400168736 /* pokemon_names.csv */ = {isa = PBXFileReference; lastKnownFileType = text; name = pokemon_names.csv; path = PokeCardpedia/Data/pokemon_names.csv; sourceTree = SOURCE_ROOT; };
		DC10EEFD29F4966000168736 /* PokemonNameset.swift */ = {isa = PBXFileReference; lastKnownFileType = sourcecode.swift; path = PokemonNameset.swift; sourceTree = "<group>"; };
		DC10EF0229F5924A00168736 /* DateHandler.swift */ = {isa = PBXFileReference; lastKnownFileType = sourcecode.swift; path = DateHandler.swift; sourceTree = "<group>"; };
		DC10EF0429F59AB900168736 /* SetButtonView.swift */ = {isa = PBXFileReference; lastKnownFileType = sourcecode.swift; path = SetButtonView.swift; sourceTree = "<group>"; };
		DC660CC629BD098600610965 /* PokeCardpedia.app */ = {isa = PBXFileReference; explicitFileType = wrapper.application; includeInIndex = 0; path = PokeCardpedia.app; sourceTree = BUILT_PRODUCTS_DIR; };
		DC660CC929BD098600610965 /* PokeCardpediaApp.swift */ = {isa = PBXFileReference; lastKnownFileType = sourcecode.swift; path = PokeCardpediaApp.swift; sourceTree = "<group>"; };
		DC660CCB29BD098600610965 /* MainView.swift */ = {isa = PBXFileReference; lastKnownFileType = sourcecode.swift; path = MainView.swift; sourceTree = "<group>"; };
		DC660CCD29BD098700610965 /* Assets.xcassets */ = {isa = PBXFileReference; lastKnownFileType = folder.assetcatalog; path = Assets.xcassets; sourceTree = "<group>"; };
		DC660CD029BD098700610965 /* Preview Assets.xcassets */ = {isa = PBXFileReference; lastKnownFileType = folder.assetcatalog; path = "Preview Assets.xcassets"; sourceTree = "<group>"; };
		DC660CD229BD098700610965 /* Persistence.swift */ = {isa = PBXFileReference; lastKnownFileType = sourcecode.swift; path = Persistence.swift; sourceTree = "<group>"; };
		DC660CD529BD098700610965 /* PokeCardpedia.xcdatamodel */ = {isa = PBXFileReference; lastKnownFileType = wrapper.xcdatamodel; path = PokeCardpedia.xcdatamodel; sourceTree = "<group>"; };
		DC660CDB29BD098700610965 /* PokeCardpediaTests.xctest */ = {isa = PBXFileReference; explicitFileType = wrapper.cfbundle; includeInIndex = 0; path = PokeCardpediaTests.xctest; sourceTree = BUILT_PRODUCTS_DIR; };
		DC660CDF29BD098700610965 /* PokeCardpediaTests.swift */ = {isa = PBXFileReference; lastKnownFileType = sourcecode.swift; path = PokeCardpediaTests.swift; sourceTree = "<group>"; };
		DC660CE529BD098700610965 /* PokeCardpediaUITests.xctest */ = {isa = PBXFileReference; explicitFileType = wrapper.cfbundle; includeInIndex = 0; path = PokeCardpediaUITests.xctest; sourceTree = BUILT_PRODUCTS_DIR; };
		DC660CE929BD098700610965 /* PokeCardpediaUITests.swift */ = {isa = PBXFileReference; lastKnownFileType = sourcecode.swift; path = PokeCardpediaUITests.swift; sourceTree = "<group>"; };
		DC660CEB29BD098700610965 /* PokeCardpediaUITestsLaunchTests.swift */ = {isa = PBXFileReference; lastKnownFileType = sourcecode.swift; path = PokeCardpediaUITestsLaunchTests.swift; sourceTree = "<group>"; };
		DC660D3829BEC5F000610965 /* Card.swift */ = {isa = PBXFileReference; lastKnownFileType = sourcecode.swift; path = Card.swift; sourceTree = "<group>"; };
		DC660D3A29BEC7A300610965 /* EnergyCardData.swift */ = {isa = PBXFileReference; lastKnownFileType = sourcecode.swift; path = EnergyCardData.swift; sourceTree = "<group>"; };
		DC660D3C29BEC8C500610965 /* TrainerCardData.swift */ = {isa = PBXFileReference; lastKnownFileType = sourcecode.swift; path = TrainerCardData.swift; sourceTree = "<group>"; };
		DC660D3E29BEC8E200610965 /* PokemonCardData.swift */ = {isa = PBXFileReference; lastKnownFileType = sourcecode.swift; path = PokemonCardData.swift; sourceTree = "<group>"; };
		DC660D4929BFF1B300610965 /* pokemon-tcg-sdk-swift */ = {isa = PBXFileReference; lastKnownFileType = wrapper; name = "pokemon-tcg-sdk-swift"; path = "../pokemon-tcg-sdk-swift"; sourceTree = "<group>"; };
		DC660D4C29BFF23900610965 /* ApiClient.swift */ = {isa = PBXFileReference; lastKnownFileType = sourcecode.swift; path = ApiClient.swift; sourceTree = "<group>"; };
		DC660D4F29BFFAD100610965 /* CardParse.swift */ = {isa = PBXFileReference; lastKnownFileType = sourcecode.swift; path = CardParse.swift; sourceTree = "<group>"; };
		DC660D5329C2BC5500610965 /* Core.swift */ = {isa = PBXFileReference; lastKnownFileType = sourcecode.swift; path = Core.swift; sourceTree = "<group>"; };
		DC660D5529C3EF9900610965 /* CardDetailView.swift */ = {isa = PBXFileReference; lastKnownFileType = sourcecode.swift; path = CardDetailView.swift; sourceTree = "<group>"; };
		DC679B3129E3182600668E0D /* Settings.bundle */ = {isa = PBXFileReference; lastKnownFileType = "wrapper.plug-in"; path = Settings.bundle; sourceTree = "<group>"; };
		DC679B3629E4C34C00668E0D /* CardThumbnail.swift */ = {isa = PBXFileReference; lastKnownFileType = sourcecode.swift; path = CardThumbnail.swift; sourceTree = "<group>"; };
		DC679B3829E4C5A300668E0D /* TopLevelItems.swift */ = {isa = PBXFileReference; lastKnownFileType = sourcecode.swift; path = TopLevelItems.swift; sourceTree = "<group>"; };
		DC679B3A29E4C95E00668E0D /* Sprites.swift */ = {isa = PBXFileReference; lastKnownFileType = sourcecode.swift; path = Sprites.swift; sourceTree = "<group>"; };
		DC679B4129E8CC1200668E0D /* CollectionLockView.swift */ = {isa = PBXFileReference; lastKnownFileType = sourcecode.swift; path = CollectionLockView.swift; sourceTree = "<group>"; };
		DC679B4329E8D03700668E0D /* UsernameView.swift */ = {isa = PBXFileReference; lastKnownFileType = sourcecode.swift; path = UsernameView.swift; sourceTree = "<group>"; };
		DC679B4829E8D3D500668E0D /* CollectionMenuItemView.swift */ = {isa = PBXFileReference; lastKnownFileType = sourcecode.swift; path = CollectionMenuItemView.swift; sourceTree = "<group>"; };
		DC679B4A29E8D4B900668E0D /* CoreSettings.swift */ = {isa = PBXFileReference; lastKnownFileType = sourcecode.swift; path = CoreSettings.swift; sourceTree = "<group>"; };
		DC679B4C29E8D6E900668E0D /* SetMenuItemView.swift */ = {isa = PBXFileReference; lastKnownFileType = sourcecode.swift; path = SetMenuItemView.swift; sourceTree = "<group>"; };
		DC679B4E29E8D77A00668E0D /* CollectionSubMenuView.swift */ = {isa = PBXFileReference; lastKnownFileType = sourcecode.swift; path = CollectionSubMenuView.swift; sourceTree = "<group>"; };
		DC679B5029E8D82100668E0D /* BackButtonView.swift */ = {isa = PBXFileReference; lastKnownFileType = sourcecode.swift; path = BackButtonView.swift; sourceTree = "<group>"; };
		DC8AD4832A217B9C00DEDA60 /* CardIO.swift */ = {isa = PBXFileReference; lastKnownFileType = sourcecode.swift; path = CardIO.swift; sourceTree = "<group>"; };
		DCA0E35229E1E2D400E54F9B /* PagerView.swift */ = {isa = PBXFileReference; lastKnownFileType = sourcecode.swift; path = PagerView.swift; sourceTree = "<group>"; };
		DCA5B7512A10897A00C740CB /* CollectionTracker+CoreDataClass.swift */ = {isa = PBXFileReference; lastKnownFileType = sourcecode.swift; path = "CollectionTracker+CoreDataClass.swift"; sourceTree = "<group>"; xcLanguageSpecificationIdentifier = xcode.lang.swift; };
		DCA5B7522A10897A00C740CB /* CollectionTracker+CoreDataProperties.swift */ = {isa = PBXFileReference; lastKnownFileType = sourcecode.swift; path = "CollectionTracker+CoreDataProperties.swift"; sourceTree = "<group>"; };
		DCBC27572A3642D500E013E4 /* ActiveUser+CoreDataClass.swift */ = {isa = PBXFileReference; lastKnownFileType = sourcecode.swift; path = "ActiveUser+CoreDataClass.swift"; sourceTree = "<group>"; };
		DCBC27582A3642D500E013E4 /* ActiveUser+CoreDataProperties.swift */ = {isa = PBXFileReference; lastKnownFileType = sourcecode.swift; path = "ActiveUser+CoreDataProperties.swift"; sourceTree = "<group>"; };
		DCD6E02F29F9D195000904DF /* Element.swift */ = {isa = PBXFileReference; lastKnownFileType = sourcecode.swift; path = Element.swift; sourceTree = "<group>"; };
		DCD6E03129F9D7AA000904DF /* TrainerSubtype.swift */ = {isa = PBXFileReference; lastKnownFileType = sourcecode.swift; path = TrainerSubtype.swift; sourceTree = "<group>"; };
		DCD6E03329F9E056000904DF /* SetIconImage.swift */ = {isa = PBXFileReference; lastKnownFileType = sourcecode.swift; path = SetIconImage.swift; sourceTree = "<group>"; };
		DCD6E03529F9E1A1000904DF /* RarityImage.swift */ = {isa = PBXFileReference; lastKnownFileType = sourcecode.swift; path = RarityImage.swift; sourceTree = "<group>"; };
		DCD6E03729FAA69A000904DF /* Deck.swift */ = {isa = PBXFileReference; lastKnownFileType = sourcecode.swift; path = Deck.swift; sourceTree = "<group>"; };
		DCD6E03A29FDF3ED000904DF /* DeckMenuItemView.swift */ = {isa = PBXFileReference; lastKnownFileType = sourcecode.swift; path = DeckMenuItemView.swift; sourceTree = "<group>"; };
		DCD6E03C29FDF4EB000904DF /* DeckButtonView.swift */ = {isa = PBXFileReference; lastKnownFileType = sourcecode.swift; path = DeckButtonView.swift; sourceTree = "<group>"; };
		DCD6E04429FDF81C000904DF /* TopLevelListView.swift */ = {isa = PBXFileReference; lastKnownFileType = sourcecode.swift; path = TopLevelListView.swift; sourceTree = "<group>"; };
		DCD6E04829FDF8B8000904DF /* DeckSubMenuView.swift */ = {isa = PBXFileReference; lastKnownFileType = sourcecode.swift; path = DeckSubMenuView.swift; sourceTree = "<group>"; };
		DCD6E04B29FDF914000904DF /* DexSubMenuView.swift */ = {isa = PBXFileReference; lastKnownFileType = sourcecode.swift; path = DexSubMenuView.swift; sourceTree = "<group>"; };
		DCD6E04E29FDF94C000904DF /* SetSubMenuView.swift */ = {isa = PBXFileReference; lastKnownFileType = sourcecode.swift; path = SetSubMenuView.swift; sourceTree = "<group>"; };
		DCF4D8A92A34DADC0092CCF3 /* GeneralCardData+CoreDataClass.swift */ = {isa = PBXFileReference; lastKnownFileType = sourcecode.swift; path = "GeneralCardData+CoreDataClass.swift"; sourceTree = "<group>"; };
		DCF4D8AA2A34DADC0092CCF3 /* GeneralCardData+CoreDataProperties.swift */ = {isa = PBXFileReference; lastKnownFileType = sourcecode.swift; path = "GeneralCardData+CoreDataProperties.swift"; sourceTree = "<group>"; };
		DCF4D8AD2A36161B0092CCF3 /* UserInfo+CoreDataClass.swift */ = {isa = PBXFileReference; lastKnownFileType = sourcecode.swift; path = "UserInfo+CoreDataClass.swift"; sourceTree = "<group>"; };
		DCF4D8AE2A36161B0092CCF3 /* UserInfo+CoreDataProperties.swift */ = {isa = PBXFileReference; lastKnownFileType = sourcecode.swift; path = "UserInfo+CoreDataProperties.swift"; sourceTree = "<group>"; };
/* End PBXFileReference section */

/* Begin PBXFrameworksBuildPhase section */
		DC660CC329BD098600610965 /* Frameworks */ = {
			isa = PBXFrameworksBuildPhase;
			buildActionMask = 2147483647;
			files = (
				DC10EEEB29F474D700168736 /* NukeUI in Frameworks */,
				DC10EEFC29F4962A00168736 /* SwiftCSV in Frameworks */,
				DC679B3E29E4E43600668E0D /* NavigationStack in Frameworks */,
				DC10EEED29F474D700168736 /* NukeVideo in Frameworks */,
				DCA0E35129E1E22200E54F9B /* SwiftUIPager in Frameworks */,
				DC660D4B29BFF1E000610965 /* PokemonTcgSDK in Frameworks */,
				DC10EEE729F474D700168736 /* Nuke in Frameworks */,
				DC10EEE929F474D700168736 /* NukeExtensions in Frameworks */,
			);
			runOnlyForDeploymentPostprocessing = 0;
		};
		DC660CD829BD098700610965 /* Frameworks */ = {
			isa = PBXFrameworksBuildPhase;
			buildActionMask = 2147483647;
			files = (
			);
			runOnlyForDeploymentPostprocessing = 0;
		};
		DC660CE229BD098700610965 /* Frameworks */ = {
			isa = PBXFrameworksBuildPhase;
			buildActionMask = 2147483647;
			files = (
			);
			runOnlyForDeploymentPostprocessing = 0;
		};
/* End PBXFrameworksBuildPhase section */

/* Begin PBXGroup section */
		DC10EEF929F4957200168736 /* Data */ = {
			isa = PBXGroup;
			children = (
				DC10EEFD29F4966000168736 /* PokemonNameset.swift */,
				DC10EEF829F4956400168736 /* pokemon_names.csv */,
			);
			path = Data;
			sourceTree = "<group>";
		};
		DC660CBD29BD098600610965 = {
			isa = PBXGroup;
			children = (
				DC660D4029BEC90200610965 /* Packages */,
				DC660CC829BD098600610965 /* PokeCardpedia */,
				DC660CDE29BD098700610965 /* PokeCardpediaTests */,
				DC660CE829BD098700610965 /* PokeCardpediaUITests */,
				DC660CC729BD098600610965 /* Products */,
				DC660D4529BF4E5500610965 /* Frameworks */,
			);
			sourceTree = "<group>";
		};
		DC660CC729BD098600610965 /* Products */ = {
			isa = PBXGroup;
			children = (
				DC660CC629BD098600610965 /* PokeCardpedia.app */,
				DC660CDB29BD098700610965 /* PokeCardpediaTests.xctest */,
				DC660CE529BD098700610965 /* PokeCardpediaUITests.xctest */,
			);
			name = Products;
			sourceTree = "<group>";
		};
		DC660CC829BD098600610965 /* PokeCardpedia */ = {
			isa = PBXGroup;
			children = (
				DCA5B7482A106FEB00C740CB /* CDModel */,
				DC10EEF929F4957200168736 /* Data */,
				DC660CC929BD098600610965 /* PokeCardpediaApp.swift */,
				DC679B3F29E8CB8400668E0D /* Core */,
				DC679B3129E3182600668E0D /* Settings.bundle */,
				DCD6E03E29FDF575000904DF /* UI */,
				DC660CCD29BD098700610965 /* Assets.xcassets */,
				DC660CD229BD098700610965 /* Persistence.swift */,
				DC8AD4832A217B9C00DEDA60 /* CardIO.swift */,
				DC660CD429BD098700610965 /* PokeCardpedia.xcdatamodeld */,
				DC660CCF29BD098700610965 /* Preview Content */,
			);
			path = PokeCardpedia;
			sourceTree = "<group>";
		};
		DC660CCF29BD098700610965 /* Preview Content */ = {
			isa = PBXGroup;
			children = (
				DC660CD029BD098700610965 /* Preview Assets.xcassets */,
			);
			path = "Preview Content";
			sourceTree = "<group>";
		};
		DC660CDE29BD098700610965 /* PokeCardpediaTests */ = {
			isa = PBXGroup;
			children = (
				DC660CDF29BD098700610965 /* PokeCardpediaTests.swift */,
			);
			path = PokeCardpediaTests;
			sourceTree = "<group>";
		};
		DC660CE829BD098700610965 /* PokeCardpediaUITests */ = {
			isa = PBXGroup;
			children = (
				DC660CE929BD098700610965 /* PokeCardpediaUITests.swift */,
				DC660CEB29BD098700610965 /* PokeCardpediaUITestsLaunchTests.swift */,
			);
			path = PokeCardpediaUITests;
			sourceTree = "<group>";
		};
		DC660D3729BEC5DD00610965 /* Cards */ = {
			isa = PBXGroup;
			children = (
				DC660D3829BEC5F000610965 /* Card.swift */,
				DCD6E02F29F9D195000904DF /* Element.swift */,
				DCD6E03129F9D7AA000904DF /* TrainerSubtype.swift */,
				DC660D3A29BEC7A300610965 /* EnergyCardData.swift */,
				DC660D3C29BEC8C500610965 /* TrainerCardData.swift */,
				DC660D3E29BEC8E200610965 /* PokemonCardData.swift */,
			);
			path = Cards;
			sourceTree = "<group>";
		};
		DC660D4029BEC90200610965 /* Packages */ = {
			isa = PBXGroup;
			children = (
				DC660D4929BFF1B300610965 /* pokemon-tcg-sdk-swift */,
			);
			name = Packages;
			sourceTree = "<group>";
		};
		DC660D4529BF4E5500610965 /* Frameworks */ = {
			isa = PBXGroup;
			children = (
			);
			name = Frameworks;
			sourceTree = "<group>";
		};
		DC660D4E29BFFA9700610965 /* Client */ = {
			isa = PBXGroup;
			children = (
				DC660D4C29BFF23900610965 /* ApiClient.swift */,
				DC660D4F29BFFAD100610965 /* CardParse.swift */,
			);
			path = Client;
			sourceTree = "<group>";
		};
		DC679B3F29E8CB8400668E0D /* Core */ = {
			isa = PBXGroup;
			children = (
				DC660D4E29BFFA9700610965 /* Client */,
				DC660D3729BEC5DD00610965 /* Cards */,
				DC660D5329C2BC5500610965 /* Core.swift */,
				DC10EEF029F4814A00168736 /* Padlock.swift */,
				DC679B4A29E8D4B900668E0D /* CoreSettings.swift */,
				DC10EF0229F5924A00168736 /* DateHandler.swift */,
				DCD6E03929FAA6A1000904DF /* DeckManagement */,
			);
			path = Core;
			sourceTree = "<group>";
		};
		DCA5B7482A106FEB00C740CB /* CDModel */ = {
			isa = PBXGroup;
			children = (
				DCBC27572A3642D500E013E4 /* ActiveUser+CoreDataClass.swift */,
				DCBC27582A3642D500E013E4 /* ActiveUser+CoreDataProperties.swift */,
				DCA5B7512A10897A00C740CB /* CollectionTracker+CoreDataClass.swift */,
				DCA5B7522A10897A00C740CB /* CollectionTracker+CoreDataProperties.swift */,
				DCF4D8A92A34DADC0092CCF3 /* GeneralCardData+CoreDataClass.swift */,
				DCF4D8AA2A34DADC0092CCF3 /* GeneralCardData+CoreDataProperties.swift */,
				DCF4D8AD2A36161B0092CCF3 /* UserInfo+CoreDataClass.swift */,
				DCF4D8AE2A36161B0092CCF3 /* UserInfo+CoreDataProperties.swift */,
			);
			path = CDModel;
			sourceTree = "<group>";
		};
		DCD6E03929FAA6A1000904DF /* DeckManagement */ = {
			isa = PBXGroup;
			children = (
				DCD6E03729FAA69A000904DF /* Deck.swift */,
			);
			path = DeckManagement;
			sourceTree = "<group>";
		};
		DCD6E03E29FDF575000904DF /* UI */ = {
			isa = PBXGroup;
			children = (
				DCD6E04029FDF68A000904DF /* Display */,
				DC660CCB29BD098600610965 /* MainView.swift */,
				DCD6E03F29FDF67A000904DF /* Navigation */,
			);
			path = UI;
			sourceTree = "<group>";
		};
		DCD6E03F29FDF67A000904DF /* Navigation */ = {
			isa = PBXGroup;
			children = (
				DC679B5029E8D82100668E0D /* BackButtonView.swift */,
				DCD6E04729FDF87B000904DF /* Top */,
			);
			path = Navigation;
			sourceTree = "<group>";
		};
		DCD6E04029FDF68A000904DF /* Display */ = {
			isa = PBXGroup;
			children = (
				DCD6E04229FDF71A000904DF /* Icons */,
				DCD6E04129FDF6B0000904DF /* Thumbnails */,
				DCD6E04329FDF797000904DF /* BigPicture */,
			);
			path = Display;
			sourceTree = "<group>";
		};
		DCD6E04129FDF6B0000904DF /* Thumbnails */ = {
			isa = PBXGroup;
			children = (
				DC10EEEE29F47EC400168736 /* CardThumbnailImage.swift */,
				DC679B3629E4C34C00668E0D /* CardThumbnail.swift */,
			);
			path = Thumbnails;
			sourceTree = "<group>";
		};
		DCD6E04229FDF71A000904DF /* Icons */ = {
			isa = PBXGroup;
			children = (
				DC679B3A29E4C95E00668E0D /* Sprites.swift */,
				DCD6E03329F9E056000904DF /* SetIconImage.swift */,
				DCD6E03529F9E1A1000904DF /* RarityImage.swift */,
				DC10EEF229F4842C00168736 /* MenuThumbnailImage.swift */,
			);
			path = Icons;
			sourceTree = "<group>";
		};
		DCD6E04329FDF797000904DF /* BigPicture */ = {
			isa = PBXGroup;
			children = (
				DCA0E35229E1E2D400E54F9B /* PagerView.swift */,
				DC660D5529C3EF9900610965 /* CardDetailView.swift */,
				DC10EEF429F485D700168736 /* CardLargeImage.swift */,
			);
			path = BigPicture;
			sourceTree = "<group>";
		};
		DCD6E04629FDF862000904DF /* Deck */ = {
			isa = PBXGroup;
			children = (
				DCD6E04829FDF8B8000904DF /* DeckSubMenuView.swift */,
				DCD6E03C29FDF4EB000904DF /* DeckButtonView.swift */,
			);
			path = Deck;
			sourceTree = "<group>";
		};
		DCD6E04729FDF87B000904DF /* Top */ = {
			isa = PBXGroup;
			children = (
				DC679B3829E4C5A300668E0D /* TopLevelItems.swift */,
				DCD6E04429FDF81C000904DF /* TopLevelListView.swift */,
				DC679B4329E8D03700668E0D /* UsernameView.swift */,
				DC679B4129E8CC1200668E0D /* CollectionLockView.swift */,
				DC679B4829E8D3D500668E0D /* CollectionMenuItemView.swift */,
				DC679B4C29E8D6E900668E0D /* SetMenuItemView.swift */,
				DCD6E03A29FDF3ED000904DF /* DeckMenuItemView.swift */,
				DCD6E05029FDF9BD000904DF /* Collection */,
				DCD6E04D29FDF944000904DF /* Set */,
				DCD6E04A29FDF90A000904DF /* Dex */,
				DCD6E04629FDF862000904DF /* Deck */,
			);
			path = Top;
			sourceTree = "<group>";
		};
		DCD6E04A29FDF90A000904DF /* Dex */ = {
			isa = PBXGroup;
			children = (
				DCD6E04B29FDF914000904DF /* DexSubMenuView.swift */,
			);
			path = Dex;
			sourceTree = "<group>";
		};
		DCD6E04D29FDF944000904DF /* Set */ = {
			isa = PBXGroup;
			children = (
				DCD6E04E29FDF94C000904DF /* SetSubMenuView.swift */,
				DC10EF0429F59AB900168736 /* SetButtonView.swift */,
			);
			path = Set;
			sourceTree = "<group>";
		};
		DCD6E05029FDF9BD000904DF /* Collection */ = {
			isa = PBXGroup;
			children = (
				DC679B4E29E8D77A00668E0D /* CollectionSubMenuView.swift */,
			);
			path = Collection;
			sourceTree = "<group>";
		};
/* End PBXGroup section */

/* Begin PBXNativeTarget section */
		DC660CC529BD098600610965 /* PokeCardpedia */ = {
			isa = PBXNativeTarget;
			buildConfigurationList = DC660CEF29BD098700610965 /* Build configuration list for PBXNativeTarget "PokeCardpedia" */;
			buildPhases = (
				DC660CC229BD098600610965 /* Sources */,
				DC660CC329BD098600610965 /* Frameworks */,
				DC660CC429BD098600610965 /* Resources */,
				DC23ED5429DC53CB00493AAB /* ShellScript */,
			);
			buildRules = (
			);
			dependencies = (
			);
			name = PokeCardpedia;
			packageProductDependencies = (
				DC660D4A29BFF1E000610965 /* PokemonTcgSDK */,
				DCA0E35029E1E22200E54F9B /* SwiftUIPager */,
				DC679B3D29E4E43600668E0D /* NavigationStack */,
				DC10EEE629F474D700168736 /* Nuke */,
				DC10EEE829F474D700168736 /* NukeExtensions */,
				DC10EEEA29F474D700168736 /* NukeUI */,
				DC10EEEC29F474D700168736 /* NukeVideo */,
				DC10EEFB29F4962A00168736 /* SwiftCSV */,
			);
			productName = PokeCardpedia;
			productReference = DC660CC629BD098600610965 /* PokeCardpedia.app */;
			productType = "com.apple.product-type.application";
		};
		DC660CDA29BD098700610965 /* PokeCardpediaTests */ = {
			isa = PBXNativeTarget;
			buildConfigurationList = DC660CF229BD098700610965 /* Build configuration list for PBXNativeTarget "PokeCardpediaTests" */;
			buildPhases = (
				DC660CD729BD098700610965 /* Sources */,
				DC660CD829BD098700610965 /* Frameworks */,
				DC660CD929BD098700610965 /* Resources */,
			);
			buildRules = (
			);
			dependencies = (
				DC660CDD29BD098700610965 /* PBXTargetDependency */,
			);
			name = PokeCardpediaTests;
			productName = PokeCardpediaTests;
			productReference = DC660CDB29BD098700610965 /* PokeCardpediaTests.xctest */;
			productType = "com.apple.product-type.bundle.unit-test";
		};
		DC660CE429BD098700610965 /* PokeCardpediaUITests */ = {
			isa = PBXNativeTarget;
			buildConfigurationList = DC660CF529BD098700610965 /* Build configuration list for PBXNativeTarget "PokeCardpediaUITests" */;
			buildPhases = (
				DC660CE129BD098700610965 /* Sources */,
				DC660CE229BD098700610965 /* Frameworks */,
				DC660CE329BD098700610965 /* Resources */,
			);
			buildRules = (
			);
			dependencies = (
				DC660CE729BD098700610965 /* PBXTargetDependency */,
			);
			name = PokeCardpediaUITests;
			productName = PokeCardpediaUITests;
			productReference = DC660CE529BD098700610965 /* PokeCardpediaUITests.xctest */;
			productType = "com.apple.product-type.bundle.ui-testing";
		};
/* End PBXNativeTarget section */

/* Begin PBXProject section */
		DC660CBE29BD098600610965 /* Project object */ = {
			isa = PBXProject;
			attributes = {
				BuildIndependentTargetsInParallel = 1;
				LastSwiftUpdateCheck = 1420;
				LastUpgradeCheck = 1420;
				TargetAttributes = {
					DC660CC529BD098600610965 = {
						CreatedOnToolsVersion = 14.2;
					};
					DC660CDA29BD098700610965 = {
						CreatedOnToolsVersion = 14.2;
						TestTargetID = DC660CC529BD098600610965;
					};
					DC660CE429BD098700610965 = {
						CreatedOnToolsVersion = 14.2;
						TestTargetID = DC660CC529BD098600610965;
					};
				};
			};
			buildConfigurationList = DC660CC129BD098600610965 /* Build configuration list for PBXProject "PokeCardpedia" */;
			compatibilityVersion = "Xcode 14.0";
			developmentRegion = en;
			hasScannedForEncodings = 0;
			knownRegions = (
				en,
				Base,
			);
			mainGroup = DC660CBD29BD098600610965;
			packageReferences = (
				DCA0E34F29E1E22200E54F9B /* XCRemoteSwiftPackageReference "SwiftUIPager" */,
				DC679B3C29E4E43600668E0D /* XCRemoteSwiftPackageReference "swiftui-navigation-stack" */,
				DC10EEE529F474D700168736 /* XCRemoteSwiftPackageReference "Nuke" */,
				DC10EEFA29F4962A00168736 /* XCRemoteSwiftPackageReference "SwiftCSV" */,
			);
			productRefGroup = DC660CC729BD098600610965 /* Products */;
			projectDirPath = "";
			projectRoot = "";
			targets = (
				DC660CC529BD098600610965 /* PokeCardpedia */,
				DC660CDA29BD098700610965 /* PokeCardpediaTests */,
				DC660CE429BD098700610965 /* PokeCardpediaUITests */,
			);
		};
/* End PBXProject section */

/* Begin PBXResourcesBuildPhase section */
		DC660CC429BD098600610965 /* Resources */ = {
			isa = PBXResourcesBuildPhase;
			buildActionMask = 2147483647;
			files = (
				DC660CD129BD098700610965 /* Preview Assets.xcassets in Resources */,
				DC679B3229E3182600668E0D /* Settings.bundle in Resources */,
				DC660CCE29BD098700610965 /* Assets.xcassets in Resources */,
				DC10EEFF29F49D4B00168736 /* pokemon_names.csv in Resources */,
			);
			runOnlyForDeploymentPostprocessing = 0;
		};
		DC660CD929BD098700610965 /* Resources */ = {
			isa = PBXResourcesBuildPhase;
			buildActionMask = 2147483647;
			files = (
				DC10EF0029F49D4B00168736 /* pokemon_names.csv in Resources */,
			);
			runOnlyForDeploymentPostprocessing = 0;
		};
		DC660CE329BD098700610965 /* Resources */ = {
			isa = PBXResourcesBuildPhase;
			buildActionMask = 2147483647;
			files = (
				DC10EF0129F49D4C00168736 /* pokemon_names.csv in Resources */,
			);
			runOnlyForDeploymentPostprocessing = 0;
		};
/* End PBXResourcesBuildPhase section */

/* Begin PBXShellScriptBuildPhase section */
		DC23ED5429DC53CB00493AAB /* ShellScript */ = {
			isa = PBXShellScriptBuildPhase;
			alwaysOutOfDate = 1;
			buildActionMask = 2147483647;
			files = (
			);
			inputFileListPaths = (
			);
			inputPaths = (
			);
			outputFileListPaths = (
			);
			outputPaths = (
			);
			runOnlyForDeploymentPostprocessing = 0;
			shellPath = /bin/sh;
			shellScript = "if which swiftlint >/dev/null; then\n  swiftlint\n  echo \"linted\"\nelse\n  echo \"warning: SwiftLint not installed, download from https://github.com/realm/SwiftLint\"\nfi\n\n";
		};
/* End PBXShellScriptBuildPhase section */

/* Begin PBXSourcesBuildPhase section */
		DC660CC229BD098600610965 /* Sources */ = {
			isa = PBXSourcesBuildPhase;
			buildActionMask = 2147483647;
			files = (
				DCD6E03429F9E056000904DF /* SetIconImage.swift in Sources */,
				DC660D4D29BFF23900610965 /* ApiClient.swift in Sources */,
				DCF4D8B02A36161B0092CCF3 /* UserInfo+CoreDataProperties.swift in Sources */,
				DC10EEF129F4814A00168736 /* Padlock.swift in Sources */,
				DC679B4B29E8D4B900668E0D /* CoreSettings.swift in Sources */,
				DC660CD329BD098700610965 /* Persistence.swift in Sources */,
				DCBC27592A3642D500E013E4 /* ActiveUser+CoreDataClass.swift in Sources */,
				DCF4D8AF2A36161B0092CCF3 /* UserInfo+CoreDataClass.swift in Sources */,
				DC10EF0329F5924A00168736 /* DateHandler.swift in Sources */,
				DC10EEEF29F47EC400168736 /* CardThumbnailImage.swift in Sources */,
				DCD6E03829FAA69A000904DF /* Deck.swift in Sources */,
				DCF4D8AC2A34DADC0092CCF3 /* GeneralCardData+CoreDataProperties.swift in Sources */,
				DCA5B7542A10897A00C740CB /* CollectionTracker+CoreDataProperties.swift in Sources */,
				DC660D3F29BEC8E200610965 /* PokemonCardData.swift in Sources */,
				DCD6E04529FDF81C000904DF /* TopLevelListView.swift in Sources */,
				DCD6E04F29FDF94C000904DF /* SetSubMenuView.swift in Sources */,
				DC660CCC29BD098600610965 /* MainView.swift in Sources */,
				DCA5B7532A10897A00C740CB /* CollectionTracker+CoreDataClass.swift in Sources */,
				DC679B3729E4C34C00668E0D /* CardThumbnail.swift in Sources */,
				DC679B5129E8D82100668E0D /* BackButtonView.swift in Sources */,
				DCF4D8AB2A34DADC0092CCF3 /* GeneralCardData+CoreDataClass.swift in Sources */,
				DC679B4929E8D3D500668E0D /* CollectionMenuItemView.swift in Sources */,
				DC660D3929BEC5F000610965 /* Card.swift in Sources */,
				DC660CD629BD098700610965 /* PokeCardpedia.xcdatamodeld in Sources */,
				DC679B3929E4C5A300668E0D /* TopLevelItems.swift in Sources */,
				DC660D3D29BEC8C500610965 /* TrainerCardData.swift in Sources */,
				DCD6E04C29FDF914000904DF /* DexSubMenuView.swift in Sources */,
				DC679B4D29E8D6E900668E0D /* SetMenuItemView.swift in Sources */,
				DCD6E03229F9D7AA000904DF /* TrainerSubtype.swift in Sources */,
				DCA0E35329E1E2D400E54F9B /* PagerView.swift in Sources */,
				DCD6E03D29FDF4EB000904DF /* DeckButtonView.swift in Sources */,
				DC660D5429C2BC5500610965 /* Core.swift in Sources */,
				DC660CCA29BD098600610965 /* PokeCardpediaApp.swift in Sources */,
				DC10EEFE29F4966000168736 /* PokemonNameset.swift in Sources */,
				DCD6E03B29FDF3ED000904DF /* DeckMenuItemView.swift in Sources */,
				DC679B4229E8CC1200668E0D /* CollectionLockView.swift in Sources */,
				DCBC275A2A3642D500E013E4 /* ActiveUser+CoreDataProperties.swift in Sources */,
				DC679B3B29E4C95E00668E0D /* Sprites.swift in Sources */,
				DC679B4429E8D03700668E0D /* UsernameView.swift in Sources */,
				DC679B4F29E8D77A00668E0D /* CollectionSubMenuView.swift in Sources */,
				DC660D5629C3EF9900610965 /* CardDetailView.swift in Sources */,
				DC660D3B29BEC7A300610965 /* EnergyCardData.swift in Sources */,
				DCD6E03629F9E1A1000904DF /* RarityImage.swift in Sources */,
				DC8AD4842A217B9C00DEDA60 /* CardIO.swift in Sources */,
				DC10EEF529F485D700168736 /* CardLargeImage.swift in Sources */,
				DC660D5029BFFAD100610965 /* CardParse.swift in Sources */,
				DC10EEF329F4842C00168736 /* MenuThumbnailImage.swift in Sources */,
				DC10EF0529F59AB900168736 /* SetButtonView.swift in Sources */,
				DCD6E04929FDF8B8000904DF /* DeckSubMenuView.swift in Sources */,
				DCD6E03029F9D195000904DF /* Element.swift in Sources */,
			);
			runOnlyForDeploymentPostprocessing = 0;
		};
		DC660CD729BD098700610965 /* Sources */ = {
			isa = PBXSourcesBuildPhase;
			buildActionMask = 2147483647;
			files = (
				DC660CE029BD098700610965 /* PokeCardpediaTests.swift in Sources */,
			);
			runOnlyForDeploymentPostprocessing = 0;
		};
		DC660CE129BD098700610965 /* Sources */ = {
			isa = PBXSourcesBuildPhase;
			buildActionMask = 2147483647;
			files = (
				DC660CEA29BD098700610965 /* PokeCardpediaUITests.swift in Sources */,
				DC660CEC29BD098700610965 /* PokeCardpediaUITestsLaunchTests.swift in Sources */,
			);
			runOnlyForDeploymentPostprocessing = 0;
		};
/* End PBXSourcesBuildPhase section */

/* Begin PBXTargetDependency section */
		DC660CDD29BD098700610965 /* PBXTargetDependency */ = {
			isa = PBXTargetDependency;
			target = DC660CC529BD098600610965 /* PokeCardpedia */;
			targetProxy = DC660CDC29BD098700610965 /* PBXContainerItemProxy */;
		};
		DC660CE729BD098700610965 /* PBXTargetDependency */ = {
			isa = PBXTargetDependency;
			target = DC660CC529BD098600610965 /* PokeCardpedia */;
			targetProxy = DC660CE629BD098700610965 /* PBXContainerItemProxy */;
		};
/* End PBXTargetDependency section */

/* Begin XCBuildConfiguration section */
		DC660CED29BD098700610965 /* Debug */ = {
			isa = XCBuildConfiguration;
			buildSettings = {
				ALWAYS_SEARCH_USER_PATHS = NO;
				CLANG_ANALYZER_NONNULL = YES;
				CLANG_ANALYZER_NUMBER_OBJECT_CONVERSION = YES_AGGRESSIVE;
				CLANG_CXX_LANGUAGE_STANDARD = "gnu++20";
				CLANG_ENABLE_MODULES = YES;
				CLANG_ENABLE_OBJC_ARC = YES;
				CLANG_ENABLE_OBJC_WEAK = YES;
				CLANG_WARN_BLOCK_CAPTURE_AUTORELEASING = YES;
				CLANG_WARN_BOOL_CONVERSION = YES;
				CLANG_WARN_COMMA = YES;
				CLANG_WARN_CONSTANT_CONVERSION = YES;
				CLANG_WARN_DEPRECATED_OBJC_IMPLEMENTATIONS = YES;
				CLANG_WARN_DIRECT_OBJC_ISA_USAGE = YES_ERROR;
				CLANG_WARN_DOCUMENTATION_COMMENTS = YES;
				CLANG_WARN_EMPTY_BODY = YES;
				CLANG_WARN_ENUM_CONVERSION = YES;
				CLANG_WARN_INFINITE_RECURSION = YES;
				CLANG_WARN_INT_CONVERSION = YES;
				CLANG_WARN_NON_LITERAL_NULL_CONVERSION = YES;
				CLANG_WARN_OBJC_IMPLICIT_RETAIN_SELF = YES;
				CLANG_WARN_OBJC_LITERAL_CONVERSION = YES;
				CLANG_WARN_OBJC_ROOT_CLASS = YES_ERROR;
				CLANG_WARN_QUOTED_INCLUDE_IN_FRAMEWORK_HEADER = YES;
				CLANG_WARN_RANGE_LOOP_ANALYSIS = YES;
				CLANG_WARN_STRICT_PROTOTYPES = YES;
				CLANG_WARN_SUSPICIOUS_MOVE = YES;
				CLANG_WARN_UNGUARDED_AVAILABILITY = YES_AGGRESSIVE;
				CLANG_WARN_UNREACHABLE_CODE = YES;
				CLANG_WARN__DUPLICATE_METHOD_MATCH = YES;
				COPY_PHASE_STRIP = NO;
				DEBUG_INFORMATION_FORMAT = dwarf;
				ENABLE_STRICT_OBJC_MSGSEND = YES;
				ENABLE_TESTABILITY = YES;
				GCC_C_LANGUAGE_STANDARD = gnu11;
				GCC_DYNAMIC_NO_PIC = NO;
				GCC_NO_COMMON_BLOCKS = YES;
				GCC_OPTIMIZATION_LEVEL = 0;
				GCC_PREPROCESSOR_DEFINITIONS = (
					"DEBUG=1",
					"$(inherited)",
				);
				GCC_WARN_64_TO_32_BIT_CONVERSION = YES;
				GCC_WARN_ABOUT_RETURN_TYPE = YES_ERROR;
				GCC_WARN_UNDECLARED_SELECTOR = YES;
				GCC_WARN_UNINITIALIZED_AUTOS = YES_AGGRESSIVE;
				GCC_WARN_UNUSED_FUNCTION = YES;
				GCC_WARN_UNUSED_VARIABLE = YES;
				IPHONEOS_DEPLOYMENT_TARGET = 16.2;
				MTL_ENABLE_DEBUG_INFO = INCLUDE_SOURCE;
				MTL_FAST_MATH = YES;
				ONLY_ACTIVE_ARCH = YES;
				SDKROOT = iphoneos;
				SWIFT_ACTIVE_COMPILATION_CONDITIONS = DEBUG;
				SWIFT_OPTIMIZATION_LEVEL = "-Onone";
			};
			name = Debug;
		};
		DC660CEE29BD098700610965 /* Release */ = {
			isa = XCBuildConfiguration;
			buildSettings = {
				ALWAYS_SEARCH_USER_PATHS = NO;
				CLANG_ANALYZER_NONNULL = YES;
				CLANG_ANALYZER_NUMBER_OBJECT_CONVERSION = YES_AGGRESSIVE;
				CLANG_CXX_LANGUAGE_STANDARD = "gnu++20";
				CLANG_ENABLE_MODULES = YES;
				CLANG_ENABLE_OBJC_ARC = YES;
				CLANG_ENABLE_OBJC_WEAK = YES;
				CLANG_WARN_BLOCK_CAPTURE_AUTORELEASING = YES;
				CLANG_WARN_BOOL_CONVERSION = YES;
				CLANG_WARN_COMMA = YES;
				CLANG_WARN_CONSTANT_CONVERSION = YES;
				CLANG_WARN_DEPRECATED_OBJC_IMPLEMENTATIONS = YES;
				CLANG_WARN_DIRECT_OBJC_ISA_USAGE = YES_ERROR;
				CLANG_WARN_DOCUMENTATION_COMMENTS = YES;
				CLANG_WARN_EMPTY_BODY = YES;
				CLANG_WARN_ENUM_CONVERSION = YES;
				CLANG_WARN_INFINITE_RECURSION = YES;
				CLANG_WARN_INT_CONVERSION = YES;
				CLANG_WARN_NON_LITERAL_NULL_CONVERSION = YES;
				CLANG_WARN_OBJC_IMPLICIT_RETAIN_SELF = YES;
				CLANG_WARN_OBJC_LITERAL_CONVERSION = YES;
				CLANG_WARN_OBJC_ROOT_CLASS = YES_ERROR;
				CLANG_WARN_QUOTED_INCLUDE_IN_FRAMEWORK_HEADER = YES;
				CLANG_WARN_RANGE_LOOP_ANALYSIS = YES;
				CLANG_WARN_STRICT_PROTOTYPES = YES;
				CLANG_WARN_SUSPICIOUS_MOVE = YES;
				CLANG_WARN_UNGUARDED_AVAILABILITY = YES_AGGRESSIVE;
				CLANG_WARN_UNREACHABLE_CODE = YES;
				CLANG_WARN__DUPLICATE_METHOD_MATCH = YES;
				COPY_PHASE_STRIP = NO;
				DEBUG_INFORMATION_FORMAT = "dwarf-with-dsym";
				ENABLE_NS_ASSERTIONS = NO;
				ENABLE_STRICT_OBJC_MSGSEND = YES;
				GCC_C_LANGUAGE_STANDARD = gnu11;
				GCC_NO_COMMON_BLOCKS = YES;
				GCC_WARN_64_TO_32_BIT_CONVERSION = YES;
				GCC_WARN_ABOUT_RETURN_TYPE = YES_ERROR;
				GCC_WARN_UNDECLARED_SELECTOR = YES;
				GCC_WARN_UNINITIALIZED_AUTOS = YES_AGGRESSIVE;
				GCC_WARN_UNUSED_FUNCTION = YES;
				GCC_WARN_UNUSED_VARIABLE = YES;
				IPHONEOS_DEPLOYMENT_TARGET = 16.2;
				MTL_ENABLE_DEBUG_INFO = NO;
				MTL_FAST_MATH = YES;
				SDKROOT = iphoneos;
				SWIFT_COMPILATION_MODE = wholemodule;
				SWIFT_OPTIMIZATION_LEVEL = "-O";
				VALIDATE_PRODUCT = YES;
			};
			name = Release;
		};
		DC660CF029BD098700610965 /* Debug */ = {
			isa = XCBuildConfiguration;
			buildSettings = {
				ASSETCATALOG_COMPILER_APPICON_NAME = AppIcon;
				ASSETCATALOG_COMPILER_GLOBAL_ACCENT_COLOR_NAME = AccentColor;
				CODE_SIGN_STYLE = Automatic;
				CURRENT_PROJECT_VERSION = 1.002;
				DEVELOPMENT_ASSET_PATHS = "PokeCardpedia/Preview\\ Content";
				DEVELOPMENT_TEAM = YG5N57HMZ9;
				ENABLE_PREVIEWS = YES;
				GENERATE_INFOPLIST_FILE = YES;
				INFOPLIST_KEY_CFBundleDisplayName = PokeCardpedia;
				INFOPLIST_KEY_LSApplicationCategoryType = "public.app-category.entertainment";
				INFOPLIST_KEY_NSCameraUsageDescription = "Camera will be used for card scanning";
				INFOPLIST_KEY_UIApplicationSceneManifest_Generation = YES;
				INFOPLIST_KEY_UIApplicationSupportsIndirectInputEvents = YES;
				INFOPLIST_KEY_UILaunchScreen_Generation = YES;
				INFOPLIST_KEY_UISupportedInterfaceOrientations_iPad = "UIInterfaceOrientationPortrait UIInterfaceOrientationPortraitUpsideDown UIInterfaceOrientationLandscapeLeft UIInterfaceOrientationLandscapeRight";
				INFOPLIST_KEY_UISupportedInterfaceOrientations_iPhone = "UIInterfaceOrientationPortrait UIInterfaceOrientationLandscapeLeft UIInterfaceOrientationLandscapeRight";
				IPHONEOS_DEPLOYMENT_TARGET = 16.0;
				LD_RUNPATH_SEARCH_PATHS = (
					"$(inherited)",
					"@executable_path/Frameworks",
				);
				MARKETING_VERSION = 1.0;
				PRODUCT_BUNDLE_IDENTIFIER = "ds-aero.PokeCardpedia";
				PRODUCT_NAME = "$(TARGET_NAME)";
				SUPPORTED_PLATFORMS = "iphoneos iphonesimulator";
				SUPPORTS_MACCATALYST = NO;
				SUPPORTS_MAC_DESIGNED_FOR_IPHONE_IPAD = NO;
				SWIFT_EMIT_LOC_STRINGS = YES;
				SWIFT_VERSION = 5.0;
				TARGETED_DEVICE_FAMILY = "1,2";
			};
			name = Debug;
		};
		DC660CF129BD098700610965 /* Release */ = {
			isa = XCBuildConfiguration;
			buildSettings = {
				ASSETCATALOG_COMPILER_APPICON_NAME = AppIcon;
				ASSETCATALOG_COMPILER_GLOBAL_ACCENT_COLOR_NAME = AccentColor;
				CODE_SIGN_STYLE = Automatic;
				CURRENT_PROJECT_VERSION = 1.002;
				DEVELOPMENT_ASSET_PATHS = "PokeCardpedia/Preview\\ Content";
				DEVELOPMENT_TEAM = YG5N57HMZ9;
				ENABLE_PREVIEWS = YES;
				GENERATE_INFOPLIST_FILE = YES;
				INFOPLIST_KEY_CFBundleDisplayName = PokeCardpedia;
				INFOPLIST_KEY_LSApplicationCategoryType = "public.app-category.entertainment";
				INFOPLIST_KEY_NSCameraUsageDescription = "Camera will be used for card scanning";
				INFOPLIST_KEY_UIApplicationSceneManifest_Generation = YES;
				INFOPLIST_KEY_UIApplicationSupportsIndirectInputEvents = YES;
				INFOPLIST_KEY_UILaunchScreen_Generation = YES;
				INFOPLIST_KEY_UISupportedInterfaceOrientations_iPad = "UIInterfaceOrientationPortrait UIInterfaceOrientationPortraitUpsideDown UIInterfaceOrientationLandscapeLeft UIInterfaceOrientationLandscapeRight";
				INFOPLIST_KEY_UISupportedInterfaceOrientations_iPhone = "UIInterfaceOrientationPortrait UIInterfaceOrientationLandscapeLeft UIInterfaceOrientationLandscapeRight";
				IPHONEOS_DEPLOYMENT_TARGET = 16.0;
				LD_RUNPATH_SEARCH_PATHS = (
					"$(inherited)",
					"@executable_path/Frameworks",
				);
				MARKETING_VERSION = 1.0;
				PRODUCT_BUNDLE_IDENTIFIER = "ds-aero.PokeCardpedia";
				PRODUCT_NAME = "$(TARGET_NAME)";
				SUPPORTED_PLATFORMS = "iphoneos iphonesimulator";
				SUPPORTS_MACCATALYST = NO;
				SUPPORTS_MAC_DESIGNED_FOR_IPHONE_IPAD = NO;
				SWIFT_EMIT_LOC_STRINGS = YES;
				SWIFT_VERSION = 5.0;
				TARGETED_DEVICE_FAMILY = "1,2";
			};
			name = Release;
		};
		DC660CF329BD098700610965 /* Debug */ = {
			isa = XCBuildConfiguration;
			buildSettings = {
				ALWAYS_EMBED_SWIFT_STANDARD_LIBRARIES = YES;
				BUNDLE_LOADER = "$(TEST_HOST)";
				CODE_SIGN_STYLE = Automatic;
				CURRENT_PROJECT_VERSION = 1;
				DEVELOPMENT_TEAM = YG5N57HMZ9;
				GENERATE_INFOPLIST_FILE = YES;
				IPHONEOS_DEPLOYMENT_TARGET = 16.2;
				MARKETING_VERSION = 1.0;
				PRODUCT_BUNDLE_IDENTIFIER = "ds-aero.PokeCardpediaTests";
				PRODUCT_NAME = "$(TARGET_NAME)";
				SWIFT_EMIT_LOC_STRINGS = NO;
				SWIFT_VERSION = 5.0;
				TARGETED_DEVICE_FAMILY = "1,2";
				TEST_HOST = "$(BUILT_PRODUCTS_DIR)/PokeCardpedia.app/$(BUNDLE_EXECUTABLE_FOLDER_PATH)/PokeCardpedia";
			};
			name = Debug;
		};
		DC660CF429BD098700610965 /* Release */ = {
			isa = XCBuildConfiguration;
			buildSettings = {
				ALWAYS_EMBED_SWIFT_STANDARD_LIBRARIES = YES;
				BUNDLE_LOADER = "$(TEST_HOST)";
				CODE_SIGN_STYLE = Automatic;
				CURRENT_PROJECT_VERSION = 1;
				DEVELOPMENT_TEAM = YG5N57HMZ9;
				GENERATE_INFOPLIST_FILE = YES;
				IPHONEOS_DEPLOYMENT_TARGET = 16.2;
				MARKETING_VERSION = 1.0;
				PRODUCT_BUNDLE_IDENTIFIER = "ds-aero.PokeCardpediaTests";
				PRODUCT_NAME = "$(TARGET_NAME)";
				SWIFT_EMIT_LOC_STRINGS = NO;
				SWIFT_VERSION = 5.0;
				TARGETED_DEVICE_FAMILY = "1,2";
				TEST_HOST = "$(BUILT_PRODUCTS_DIR)/PokeCardpedia.app/$(BUNDLE_EXECUTABLE_FOLDER_PATH)/PokeCardpedia";
			};
			name = Release;
		};
		DC660CF629BD098700610965 /* Debug */ = {
			isa = XCBuildConfiguration;
			buildSettings = {
				ALWAYS_EMBED_SWIFT_STANDARD_LIBRARIES = YES;
				CODE_SIGN_STYLE = Automatic;
				CURRENT_PROJECT_VERSION = 1;
				DEVELOPMENT_TEAM = YG5N57HMZ9;
				GENERATE_INFOPLIST_FILE = YES;
				MARKETING_VERSION = 1.0;
				PRODUCT_BUNDLE_IDENTIFIER = "ds-aero.PokeCardpediaUITests";
				PRODUCT_NAME = "$(TARGET_NAME)";
				SWIFT_EMIT_LOC_STRINGS = NO;
				SWIFT_VERSION = 5.0;
				TARGETED_DEVICE_FAMILY = "1,2";
				TEST_TARGET_NAME = PokeCardpedia;
			};
			name = Debug;
		};
		DC660CF729BD098700610965 /* Release */ = {
			isa = XCBuildConfiguration;
			buildSettings = {
				ALWAYS_EMBED_SWIFT_STANDARD_LIBRARIES = YES;
				CODE_SIGN_STYLE = Automatic;
				CURRENT_PROJECT_VERSION = 1;
				DEVELOPMENT_TEAM = YG5N57HMZ9;
				GENERATE_INFOPLIST_FILE = YES;
				MARKETING_VERSION = 1.0;
				PRODUCT_BUNDLE_IDENTIFIER = "ds-aero.PokeCardpediaUITests";
				PRODUCT_NAME = "$(TARGET_NAME)";
				SWIFT_EMIT_LOC_STRINGS = NO;
				SWIFT_VERSION = 5.0;
				TARGETED_DEVICE_FAMILY = "1,2";
				TEST_TARGET_NAME = PokeCardpedia;
			};
			name = Release;
		};
/* End XCBuildConfiguration section */

/* Begin XCConfigurationList section */
		DC660CC129BD098600610965 /* Build configuration list for PBXProject "PokeCardpedia" */ = {
			isa = XCConfigurationList;
			buildConfigurations = (
				DC660CED29BD098700610965 /* Debug */,
				DC660CEE29BD098700610965 /* Release */,
			);
			defaultConfigurationIsVisible = 0;
			defaultConfigurationName = Release;
		};
		DC660CEF29BD098700610965 /* Build configuration list for PBXNativeTarget "PokeCardpedia" */ = {
			isa = XCConfigurationList;
			buildConfigurations = (
				DC660CF029BD098700610965 /* Debug */,
				DC660CF129BD098700610965 /* Release */,
			);
			defaultConfigurationIsVisible = 0;
			defaultConfigurationName = Release;
		};
		DC660CF229BD098700610965 /* Build configuration list for PBXNativeTarget "PokeCardpediaTests" */ = {
			isa = XCConfigurationList;
			buildConfigurations = (
				DC660CF329BD098700610965 /* Debug */,
				DC660CF429BD098700610965 /* Release */,
			);
			defaultConfigurationIsVisible = 0;
			defaultConfigurationName = Release;
		};
		DC660CF529BD098700610965 /* Build configuration list for PBXNativeTarget "PokeCardpediaUITests" */ = {
			isa = XCConfigurationList;
			buildConfigurations = (
				DC660CF629BD098700610965 /* Debug */,
				DC660CF729BD098700610965 /* Release */,
			);
			defaultConfigurationIsVisible = 0;
			defaultConfigurationName = Release;
		};
/* End XCConfigurationList section */

/* Begin XCRemoteSwiftPackageReference section */
		DC10EEE529F474D700168736 /* XCRemoteSwiftPackageReference "Nuke" */ = {
			isa = XCRemoteSwiftPackageReference;
			repositoryURL = "https://github.com/kean/Nuke";
			requirement = {
				kind = upToNextMajorVersion;
				minimumVersion = 12.0.0;
			};
		};
		DC10EEFA29F4962A00168736 /* XCRemoteSwiftPackageReference "SwiftCSV" */ = {
			isa = XCRemoteSwiftPackageReference;
			repositoryURL = "https://github.com/swiftcsv/SwiftCSV.git";
			requirement = {
				kind = upToNextMajorVersion;
				minimumVersion = 0.8.1;
			};
		};
		DC679B3C29E4E43600668E0D /* XCRemoteSwiftPackageReference "swiftui-navigation-stack" */ = {
			isa = XCRemoteSwiftPackageReference;
			repositoryURL = "https://github.com/matteopuc/swiftui-navigation-stack";
			requirement = {
				kind = upToNextMajorVersion;
				minimumVersion = 1.0.0;
			};
		};
		DCA0E34F29E1E22200E54F9B /* XCRemoteSwiftPackageReference "SwiftUIPager" */ = {
			isa = XCRemoteSwiftPackageReference;
			repositoryURL = "https://github.com/fermoya/SwiftUIPager.git";
			requirement = {
				kind = upToNextMajorVersion;
				minimumVersion = 2.0.0;
			};
		};
/* End XCRemoteSwiftPackageReference section */

/* Begin XCSwiftPackageProductDependency section */
		DC10EEE629F474D700168736 /* Nuke */ = {
			isa = XCSwiftPackageProductDependency;
			package = DC10EEE529F474D700168736 /* XCRemoteSwiftPackageReference "Nuke" */;
			productName = Nuke;
		};
		DC10EEE829F474D700168736 /* NukeExtensions */ = {
			isa = XCSwiftPackageProductDependency;
			package = DC10EEE529F474D700168736 /* XCRemoteSwiftPackageReference "Nuke" */;
			productName = NukeExtensions;
		};
		DC10EEEA29F474D700168736 /* NukeUI */ = {
			isa = XCSwiftPackageProductDependency;
			package = DC10EEE529F474D700168736 /* XCRemoteSwiftPackageReference "Nuke" */;
			productName = NukeUI;
		};
		DC10EEEC29F474D700168736 /* NukeVideo */ = {
			isa = XCSwiftPackageProductDependency;
			package = DC10EEE529F474D700168736 /* XCRemoteSwiftPackageReference "Nuke" */;
			productName = NukeVideo;
		};
		DC10EEFB29F4962A00168736 /* SwiftCSV */ = {
			isa = XCSwiftPackageProductDependency;
			package = DC10EEFA29F4962A00168736 /* XCRemoteSwiftPackageReference "SwiftCSV" */;
			productName = SwiftCSV;
		};
		DC660D4A29BFF1E000610965 /* PokemonTcgSDK */ = {
			isa = XCSwiftPackageProductDependency;
			productName = PokemonTcgSDK;
		};
		DC679B3D29E4E43600668E0D /* NavigationStack */ = {
			isa = XCSwiftPackageProductDependency;
			package = DC679B3C29E4E43600668E0D /* XCRemoteSwiftPackageReference "swiftui-navigation-stack" */;
			productName = NavigationStack;
		};
		DCA0E35029E1E22200E54F9B /* SwiftUIPager */ = {
			isa = XCSwiftPackageProductDependency;
			package = DCA0E34F29E1E22200E54F9B /* XCRemoteSwiftPackageReference "SwiftUIPager" */;
			productName = SwiftUIPager;
		};
/* End XCSwiftPackageProductDependency section */

/* Begin XCVersionGroup section */
		DC660CD429BD098700610965 /* PokeCardpedia.xcdatamodeld */ = {
			isa = XCVersionGroup;
			children = (
				DC660CD529BD098700610965 /* PokeCardpedia.xcdatamodel */,
			);
			currentVersion = DC660CD529BD098700610965 /* PokeCardpedia.xcdatamodel */;
			path = PokeCardpedia.xcdatamodeld;
			sourceTree = "<group>";
			versionGroupType = wrapper.xcdatamodel;
		};
/* End XCVersionGroup section */
	};
	rootObject = DC660CBE29BD098600610965 /* Project object */;
}
